
Microsoft Visual Studio Solution File, Format Version 12.00
# Visual Studio Version 17
VisualStudioVersion = 17.7.34018.315
MinimumVisualStudioVersion = 10.0.40219.1
Project("{FAE04EC0-301F-11D3-BF4B-00C04F79EFBC}") = "SteamInvisible", "SteamInvisible\SteamInvisible.csproj", "{2C942027-2F73-443A-932E-55F0D62A62BF}"
EndProject
Project("{FAE04EC0-301F-11D3-BF4B-00C04F79EFBC}") = "SteamInvisibleOnFirstLogin", "SteamInvisibleOnFirstLogin\SteamInvisibleOnFirstLogin.csproj", "{A76E822D-F364-4C5B-9B9B-C30FBC156D18}"
EndProject
Project("{2150E333-8FDC-42A3-9474-1A3956D46DE8}") = "Resources", "Resources", "{DC639FFC-8851-4DED-ADC7-203112E11F33}"
EndProject
Global
	GlobalSection(SolutionConfigurationPlatforms) = preSolution
		Debug|Any CPU = Debug|Any CPU
		Release|Any CPU = Release|Any CPU
	EndGlobalSection
	GlobalSection(ProjectConfigurationPlatforms) = postSolution
		{2C942027-2F73-443A-932E-55F0D62A62BF}.Debug|Any CPU.ActiveCfg = Debug|Any CPU
		{2C942027-2F73-443A-932E-55F0D62A62BF}.Debug|Any CPU.Build.0 = Debug|Any CPU
		{2C942027-2F73-443A-932E-55F0D62A62BF}.Release|Any CPU.ActiveCfg = Release|Any CPU
		{2C942027-2F73-443A-932E-55F0D62A62BF}.Release|Any CPU.Build.0 = Release|Any CPU
		{A76E822D-F364-4C5B-9B9B-C30FBC156D18}.Debug|Any CPU.ActiveCfg = Debug|Any CPU
		{A76E822D-F364-4C5B-9B9B-C30FBC156D18}.Debug|Any CPU.Build.0 = Debug|Any CPU
		{A76E822D-F364-4C5B-9B9B-C30FBC156D18}.Release|Any CPU.ActiveCfg = Release|Any CPU
		{A76E822D-F364-4C5B-9B9B-C30FBC156D18}.Release|Any CPU.Build.0 = Release|Any CPU
	EndGlobalSection
	GlobalSection(SolutionProperties) = preSolution
		HideSolutionNode = FALSE
	EndGlobalSection
	GlobalSection(ExtensibilityGlobals) = postSolution
		SolutionGuid = {0EFA94B0-BDE0-4BF4-9377-4D7B39700ED9}
	EndGlobalSection
EndGlobal
